
Microsoft Visual Studio Solution File, Format Version 12.00
# Visual Studio Version 16
VisualStudioVersion = 16.0.31624.102
MinimumVisualStudioVersion = 10.0.40219.1
Project("{FAE04EC0-301F-11D3-BF4B-00C04F79EFBC}") = "dinning", "dinning\dinning.csproj", "{84AE3CE4-2AC7-4E90-9BFC-51EC31F39D0B}"
EndProject
Global
	GlobalSection(SolutionConfigurationPlatforms) = preSolution
		Debug|Any CPU = Debug|Any CPU
		Release|Any CPU = Release|Any CPU
	EndGlobalSection
	GlobalSection(ProjectConfigurationPlatforms) = postSolution
		{84AE3CE4-2AC7-4E90-9BFC-51EC31F39D0B}.Debug|Any CPU.ActiveCfg = Debug|Any CPU
		{84AE3CE4-2AC7-4E90-9BFC-51EC31F39D0B}.Debug|Any CPU.Build.0 = Debug|Any CPU
		{84AE3CE4-2AC7-4E90-9BFC-51EC31F39D0B}.Release|Any CPU.ActiveCfg = Release|Any CPU
		{84AE3CE4-2AC7-4E90-9BFC-51EC31F39D0B}.Release|Any CPU.Build.0 = Release|Any CPU
	EndGlobalSection
	GlobalSection(SolutionProperties) = preSolution
		HideSolutionNode = FALSE
	EndGlobalSection
	GlobalSection(ExtensibilityGlobals) = postSolution
		SolutionGuid = {331CBC8B-5973-4064-8397-992159F4A409}
	EndGlobalSection
EndGlobal
